// !$*UTF8*$!
{
	archiveVersion = 1;
	classes = {
	};
	objectVersion = 46;
	objects = {

/* Begin PBXBuildFile section */
		84C0103BA839FC0E301B73C6 /* libPods-Reddit RocketUITests.a in Frameworks */ = {isa = PBXBuildFile; fileRef = 4E4F48D0F73A4229C4A295FC /* libPods-Reddit RocketUITests.a */; };
		95CCEB3E6C654AEEF3B6F5BC /* libPods-Reddit RocketTests.a in Frameworks */ = {isa = PBXBuildFile; fileRef = 7957F92EBD4963F240126C77 /* libPods-Reddit RocketTests.a */; };
		EB67D406667CB19B5B6F42C9 /* libPods-Reddit Rocket.a in Frameworks */ = {isa = PBXBuildFile; fileRef = 297CE94E8B7FA53691241EFE /* libPods-Reddit Rocket.a */; };
		EE6D26161EA8469600C39651 /* logo.psd in Resources */ = {isa = PBXBuildFile; fileRef = EE6D260D1EA8469600C39651 /* logo.psd */; };
		EE6D26171EA8469600C39651 /* logo_1024.png in Resources */ = {isa = PBXBuildFile; fileRef = EE6D260E1EA8469600C39651 /* logo_1024.png */; };
		EE6D26181EA8469600C39651 /* logo_120.png in Resources */ = {isa = PBXBuildFile; fileRef = EE6D260F1EA8469600C39651 /* logo_120.png */; };
		EE6D26191EA8469600C39651 /* logo_152.png in Resources */ = {isa = PBXBuildFile; fileRef = EE6D26101EA8469600C39651 /* logo_152.png */; };
		EE6D261A1EA8469600C39651 /* logo_180.png in Resources */ = {isa = PBXBuildFile; fileRef = EE6D26111EA8469600C39651 /* logo_180.png */; };
		EE6D261B1EA8469600C39651 /* logo_256.png in Resources */ = {isa = PBXBuildFile; fileRef = EE6D26121EA8469600C39651 /* logo_256.png */; };
		EE6D261C1EA8469600C39651 /* logo_512.png in Resources */ = {isa = PBXBuildFile; fileRef = EE6D26131EA8469600C39651 /* logo_512.png */; };
		EE6D261D1EA8469600C39651 /* logo_76.png in Resources */ = {isa = PBXBuildFile; fileRef = EE6D26141EA8469600C39651 /* logo_76.png */; };
		EE6D26201EA8607B00C39651 /* space_ship_logo.png in Resources */ = {isa = PBXBuildFile; fileRef = EE6D261F1EA8607B00C39651 /* space_ship_logo.png */; };
		EE9899131EA98FB800EE3C4F /* pin_off.png in Resources */ = {isa = PBXBuildFile; fileRef = EE98990F1EA98FB800EE3C4F /* pin_off.png */; };
		EE9899141EA98FB800EE3C4F /* pin_off@2x.png in Resources */ = {isa = PBXBuildFile; fileRef = EE9899101EA98FB800EE3C4F /* pin_off@2x.png */; };
		EE9899151EA98FB800EE3C4F /* pin_on.png in Resources */ = {isa = PBXBuildFile; fileRef = EE9899111EA98FB800EE3C4F /* pin_on.png */; };
		EE9899161EA98FB800EE3C4F /* pin_on@2x.png in Resources */ = {isa = PBXBuildFile; fileRef = EE9899121EA98FB800EE3C4F /* pin_on@2x.png */; };
		EE9899171EAAE40700EE3C4F /* NetworkManager.m in Sources */ = {isa = PBXBuildFile; fileRef = EEB32C371EA8191E0057EE54 /* NetworkManager.m */; };
		EE9899181EAAE40F00EE3C4F /* DataManager.m in Sources */ = {isa = PBXBuildFile; fileRef = EEB32C3E1EA825030057EE54 /* DataManager.m */; };
		EE9899191EAB011D00EE3C4F /* Reddit_Rocket.xcdatamodeld in Sources */ = {isa = PBXBuildFile; fileRef = EEA4812C1EA814920015A441 /* Reddit_Rocket.xcdatamodeld */; };
		EEA481281EA814920015A441 /* main.m in Sources */ = {isa = PBXBuildFile; fileRef = EEA481271EA814920015A441 /* main.m */; };
		EEA4812E1EA814920015A441 /* Reddit_Rocket.xcdatamodeld in Sources */ = {isa = PBXBuildFile; fileRef = EEA4812C1EA814920015A441 /* Reddit_Rocket.xcdatamodeld */; };
		EEA481371EA814920015A441 /* Main.storyboard in Resources */ = {isa = PBXBuildFile; fileRef = EEA481351EA814920015A441 /* Main.storyboard */; };
		EEA481391EA814920015A441 /* Assets.xcassets in Resources */ = {isa = PBXBuildFile; fileRef = EEA481381EA814920015A441 /* Assets.xcassets */; };
		EEA4813C1EA814920015A441 /* LaunchScreen.storyboard in Resources */ = {isa = PBXBuildFile; fileRef = EEA4813A1EA814920015A441 /* LaunchScreen.storyboard */; };
		EEA481471EA814920015A441 /* Reddit_RocketTests.m in Sources */ = {isa = PBXBuildFile; fileRef = EEA481461EA814920015A441 /* Reddit_RocketTests.m */; };
		EEA481521EA814930015A441 /* Reddit_RocketUITests.m in Sources */ = {isa = PBXBuildFile; fileRef = EEA481511EA814930015A441 /* Reddit_RocketUITests.m */; };
		EEB32C381EA8191E0057EE54 /* DetailViewController.m in Sources */ = {isa = PBXBuildFile; fileRef = EEB32C2F1EA8191E0057EE54 /* DetailViewController.m */; };
		EEB32C391EA8191E0057EE54 /* MasterViewController.m in Sources */ = {isa = PBXBuildFile; fileRef = EEB32C311EA8191E0057EE54 /* MasterViewController.m */; };
		EEB32C3A1EA8191E0057EE54 /* AppDelegate.m in Sources */ = {isa = PBXBuildFile; fileRef = EEB32C341EA8191E0057EE54 /* AppDelegate.m */; };
		EEB32C3B1EA8191E0057EE54 /* NetworkManager.m in Sources */ = {isa = PBXBuildFile; fileRef = EEB32C371EA8191E0057EE54 /* NetworkManager.m */; };
		EEB32C3F1EA825030057EE54 /* DataManager.m in Sources */ = {isa = PBXBuildFile; fileRef = EEB32C3E1EA825030057EE54 /* DataManager.m */; };
/* End PBXBuildFile section */

/* Begin PBXContainerItemProxy section */
		EEA481431EA814920015A441 /* PBXContainerItemProxy */ = {
			isa = PBXContainerItemProxy;
			containerPortal = EEA4811B1EA814920015A441 /* Project object */;
			proxyType = 1;
			remoteGlobalIDString = EEA481221EA814920015A441;
			remoteInfo = "Reddit Rocket";
		};
		EEA4814E1EA814930015A441 /* PBXContainerItemProxy */ = {
			isa = PBXContainerItemProxy;
			containerPortal = EEA4811B1EA814920015A441 /* Project object */;
			proxyType = 1;
			remoteGlobalIDString = EEA481221EA814920015A441;
			remoteInfo = "Reddit Rocket";
		};
/* End PBXContainerItemProxy section */

/* Begin PBXFileReference section */
		028988D8B308B5B9B58FC2BD /* Pods-Reddit Rocket.release.xcconfig */ = {isa = PBXFileReference; includeInIndex = 1; lastKnownFileType = text.xcconfig; name = "Pods-Reddit Rocket.release.xcconfig"; path = "Pods/Target Support Files/Pods-Reddit Rocket/Pods-Reddit Rocket.release.xcconfig"; sourceTree = "<group>"; };
		0773D026C5D9CE62A4CD5621 /* Pods-Reddit Rocket.debug.xcconfig */ = {isa = PBXFileReference; includeInIndex = 1; lastKnownFileType = text.xcconfig; name = "Pods-Reddit Rocket.debug.xcconfig"; path = "Pods/Target Support Files/Pods-Reddit Rocket/Pods-Reddit Rocket.debug.xcconfig"; sourceTree = "<group>"; };
		195A458E9835BE36FC1B228C /* Pods-Reddit RocketTests.debug.xcconfig */ = {isa = PBXFileReference; includeInIndex = 1; lastKnownFileType = text.xcconfig; name = "Pods-Reddit RocketTests.debug.xcconfig"; path = "Pods/Target Support Files/Pods-Reddit RocketTests/Pods-Reddit RocketTests.debug.xcconfig"; sourceTree = "<group>"; };
		297CE94E8B7FA53691241EFE /* libPods-Reddit Rocket.a */ = {isa = PBXFileReference; explicitFileType = archive.ar; includeInIndex = 0; path = "libPods-Reddit Rocket.a"; sourceTree = BUILT_PRODUCTS_DIR; };
		4E4F48D0F73A4229C4A295FC /* libPods-Reddit RocketUITests.a */ = {isa = PBXFileReference; explicitFileType = archive.ar; includeInIndex = 0; path = "libPods-Reddit RocketUITests.a"; sourceTree = BUILT_PRODUCTS_DIR; };
		628128F972528729E4F0A006 /* Pods-Reddit RocketUITests.release.xcconfig */ = {isa = PBXFileReference; includeInIndex = 1; lastKnownFileType = text.xcconfig; name = "Pods-Reddit RocketUITests.release.xcconfig"; path = "Pods/Target Support Files/Pods-Reddit RocketUITests/Pods-Reddit RocketUITests.release.xcconfig"; sourceTree = "<group>"; };
		7957F92EBD4963F240126C77 /* libPods-Reddit RocketTests.a */ = {isa = PBXFileReference; explicitFileType = archive.ar; includeInIndex = 0; path = "libPods-Reddit RocketTests.a"; sourceTree = BUILT_PRODUCTS_DIR; };
		DA6208293C958DA91ABEA721 /* Pods-Reddit RocketUITests.debug.xcconfig */ = {isa = PBXFileReference; includeInIndex = 1; lastKnownFileType = text.xcconfig; name = "Pods-Reddit RocketUITests.debug.xcconfig"; path = "Pods/Target Support Files/Pods-Reddit RocketUITests/Pods-Reddit RocketUITests.debug.xcconfig"; sourceTree = "<group>"; };
		DDAFE3622A6F712646EA67E4 /* Pods-Reddit RocketTests.release.xcconfig */ = {isa = PBXFileReference; includeInIndex = 1; lastKnownFileType = text.xcconfig; name = "Pods-Reddit RocketTests.release.xcconfig"; path = "Pods/Target Support Files/Pods-Reddit RocketTests/Pods-Reddit RocketTests.release.xcconfig"; sourceTree = "<group>"; };
		EE6D260D1EA8469600C39651 /* logo.psd */ = {isa = PBXFileReference; lastKnownFileType = file; path = logo.psd; sourceTree = "<group>"; };
		EE6D260E1EA8469600C39651 /* logo_1024.png */ = {isa = PBXFileReference; lastKnownFileType = image.png; path = logo_1024.png; sourceTree = "<group>"; };
		EE6D260F1EA8469600C39651 /* logo_120.png */ = {isa = PBXFileReference; lastKnownFileType = image.png; path = logo_120.png; sourceTree = "<group>"; };
		EE6D26101EA8469600C39651 /* logo_152.png */ = {isa = PBXFileReference; lastKnownFileType = image.png; path = logo_152.png; sourceTree = "<group>"; };
		EE6D26111EA8469600C39651 /* logo_180.png */ = {isa = PBXFileReference; lastKnownFileType = image.png; path = logo_180.png; sourceTree = "<group>"; };
		EE6D26121EA8469600C39651 /* logo_256.png */ = {isa = PBXFileReference; lastKnownFileType = image.png; path = logo_256.png; sourceTree = "<group>"; };
		EE6D26131EA8469600C39651 /* logo_512.png */ = {isa = PBXFileReference; lastKnownFileType = image.png; path = logo_512.png; sourceTree = "<group>"; };
		EE6D26141EA8469600C39651 /* logo_76.png */ = {isa = PBXFileReference; lastKnownFileType = image.png; path = logo_76.png; sourceTree = "<group>"; };
		EE6D261F1EA8607B00C39651 /* space_ship_logo.png */ = {isa = PBXFileReference; lastKnownFileType = image.png; path = space_ship_logo.png; sourceTree = "<group>"; };
		EE98990F1EA98FB800EE3C4F /* pin_off.png */ = {isa = PBXFileReference; lastKnownFileType = image.png; path = pin_off.png; sourceTree = "<group>"; };
		EE9899101EA98FB800EE3C4F /* pin_off@2x.png */ = {isa = PBXFileReference; lastKnownFileType = image.png; path = "pin_off@2x.png"; sourceTree = "<group>"; };
		EE9899111EA98FB800EE3C4F /* pin_on.png */ = {isa = PBXFileReference; lastKnownFileType = image.png; path = pin_on.png; sourceTree = "<group>"; };
		EE9899121EA98FB800EE3C4F /* pin_on@2x.png */ = {isa = PBXFileReference; lastKnownFileType = image.png; path = "pin_on@2x.png"; sourceTree = "<group>"; };
		EEA481231EA814920015A441 /* Reddit Rocket.app */ = {isa = PBXFileReference; explicitFileType = wrapper.application; includeInIndex = 0; path = "Reddit Rocket.app"; sourceTree = BUILT_PRODUCTS_DIR; };
		EEA481271EA814920015A441 /* main.m */ = {isa = PBXFileReference; lastKnownFileType = sourcecode.c.objc; path = main.m; sourceTree = "<group>"; };
		EEA4812D1EA814920015A441 /* Reddit_Rocket.xcdatamodel */ = {isa = PBXFileReference; lastKnownFileType = wrapper.xcdatamodel; path = Reddit_Rocket.xcdatamodel; sourceTree = "<group>"; };
		EEA481361EA814920015A441 /* Base */ = {isa = PBXFileReference; lastKnownFileType = file.storyboard; name = Base; path = Base.lproj/Main.storyboard; sourceTree = "<group>"; };
		EEA481381EA814920015A441 /* Assets.xcassets */ = {isa = PBXFileReference; lastKnownFileType = folder.assetcatalog; path = Assets.xcassets; sourceTree = "<group>"; };
		EEA4813B1EA814920015A441 /* Base */ = {isa = PBXFileReference; lastKnownFileType = file.storyboard; name = Base; path = Base.lproj/LaunchScreen.storyboard; sourceTree = "<group>"; };
		EEA4813D1EA814920015A441 /* Info.plist */ = {isa = PBXFileReference; lastKnownFileType = text.plist.xml; path = Info.plist; sourceTree = "<group>"; };
		EEA481421EA814920015A441 /* Reddit RocketTests.xctest */ = {isa = PBXFileReference; explicitFileType = wrapper.cfbundle; includeInIndex = 0; path = "Reddit RocketTests.xctest"; sourceTree = BUILT_PRODUCTS_DIR; };
		EEA481461EA814920015A441 /* Reddit_RocketTests.m */ = {isa = PBXFileReference; lastKnownFileType = sourcecode.c.objc; path = Reddit_RocketTests.m; sourceTree = "<group>"; };
		EEA481481EA814920015A441 /* Info.plist */ = {isa = PBXFileReference; lastKnownFileType = text.plist.xml; path = Info.plist; sourceTree = "<group>"; };
		EEA4814D1EA814930015A441 /* Reddit RocketUITests.xctest */ = {isa = PBXFileReference; explicitFileType = wrapper.cfbundle; includeInIndex = 0; path = "Reddit RocketUITests.xctest"; sourceTree = BUILT_PRODUCTS_DIR; };
		EEA481511EA814930015A441 /* Reddit_RocketUITests.m */ = {isa = PBXFileReference; lastKnownFileType = sourcecode.c.objc; path = Reddit_RocketUITests.m; sourceTree = "<group>"; };
		EEA481531EA814930015A441 /* Info.plist */ = {isa = PBXFileReference; lastKnownFileType = text.plist.xml; path = Info.plist; sourceTree = "<group>"; };
		EEB32C2E1EA8191E0057EE54 /* DetailViewController.h */ = {isa = PBXFileReference; fileEncoding = 4; lastKnownFileType = sourcecode.c.h; path = DetailViewController.h; sourceTree = "<group>"; };
		EEB32C2F1EA8191E0057EE54 /* DetailViewController.m */ = {isa = PBXFileReference; fileEncoding = 4; lastKnownFileType = sourcecode.c.objc; path = DetailViewController.m; sourceTree = "<group>"; };
		EEB32C301EA8191E0057EE54 /* MasterViewController.h */ = {isa = PBXFileReference; fileEncoding = 4; lastKnownFileType = sourcecode.c.h; path = MasterViewController.h; sourceTree = "<group>"; };
		EEB32C311EA8191E0057EE54 /* MasterViewController.m */ = {isa = PBXFileReference; fileEncoding = 4; lastKnownFileType = sourcecode.c.objc; path = MasterViewController.m; sourceTree = "<group>"; };
		EEB32C331EA8191E0057EE54 /* AppDelegate.h */ = {isa = PBXFileReference; fileEncoding = 4; lastKnownFileType = sourcecode.c.h; path = AppDelegate.h; sourceTree = "<group>"; };
		EEB32C341EA8191E0057EE54 /* AppDelegate.m */ = {isa = PBXFileReference; fileEncoding = 4; lastKnownFileType = sourcecode.c.objc; path = AppDelegate.m; sourceTree = "<group>"; };
		EEB32C361EA8191E0057EE54 /* NetworkManager.h */ = {isa = PBXFileReference; fileEncoding = 4; lastKnownFileType = sourcecode.c.h; path = NetworkManager.h; sourceTree = "<group>"; };
		EEB32C371EA8191E0057EE54 /* NetworkManager.m */ = {isa = PBXFileReference; fileEncoding = 4; lastKnownFileType = sourcecode.c.objc; path = NetworkManager.m; sourceTree = "<group>"; };
		EEB32C3D1EA825030057EE54 /* DataManager.h */ = {isa = PBXFileReference; fileEncoding = 4; lastKnownFileType = sourcecode.c.h; path = DataManager.h; sourceTree = "<group>"; };
		EEB32C3E1EA825030057EE54 /* DataManager.m */ = {isa = PBXFileReference; fileEncoding = 4; lastKnownFileType = sourcecode.c.objc; path = DataManager.m; sourceTree = "<group>"; };
/* End PBXFileReference section */

/* Begin PBXFrameworksBuildPhase section */
		EEA481201EA814920015A441 /* Frameworks */ = {
			isa = PBXFrameworksBuildPhase;
			buildActionMask = 2147483647;
			files = (
				EB67D406667CB19B5B6F42C9 /* libPods-Reddit Rocket.a in Frameworks */,
			);
			runOnlyForDeploymentPostprocessing = 0;
		};
		EEA4813F1EA814920015A441 /* Frameworks */ = {
			isa = PBXFrameworksBuildPhase;
			buildActionMask = 2147483647;
			files = (
				95CCEB3E6C654AEEF3B6F5BC /* libPods-Reddit RocketTests.a in Frameworks */,
			);
			runOnlyForDeploymentPostprocessing = 0;
		};
		EEA4814A1EA814930015A441 /* Frameworks */ = {
			isa = PBXFrameworksBuildPhase;
			buildActionMask = 2147483647;
			files = (
				84C0103BA839FC0E301B73C6 /* libPods-Reddit RocketUITests.a in Frameworks */,
			);
			runOnlyForDeploymentPostprocessing = 0;
		};
/* End PBXFrameworksBuildPhase section */

/* Begin PBXGroup section */
		ADC508B7B17F418B9359DCCC /* Frameworks */ = {
			isa = PBXGroup;
			children = (
				297CE94E8B7FA53691241EFE /* libPods-Reddit Rocket.a */,
				7957F92EBD4963F240126C77 /* libPods-Reddit RocketTests.a */,
				4E4F48D0F73A4229C4A295FC /* libPods-Reddit RocketUITests.a */,
			);
			name = Frameworks;
			sourceTree = "<group>";
		};
		E4103E9670AAB3442FC635AF /* Pods */ = {
			isa = PBXGroup;
			children = (
				0773D026C5D9CE62A4CD5621 /* Pods-Reddit Rocket.debug.xcconfig */,
				028988D8B308B5B9B58FC2BD /* Pods-Reddit Rocket.release.xcconfig */,
				195A458E9835BE36FC1B228C /* Pods-Reddit RocketTests.debug.xcconfig */,
				DDAFE3622A6F712646EA67E4 /* Pods-Reddit RocketTests.release.xcconfig */,
				DA6208293C958DA91ABEA721 /* Pods-Reddit RocketUITests.debug.xcconfig */,
				628128F972528729E4F0A006 /* Pods-Reddit RocketUITests.release.xcconfig */,
			);
			name = Pods;
			sourceTree = "<group>";
		};
		EE6D260C1EA8469600C39651 /* Images */ = {
			isa = PBXGroup;
			children = (
				EE6D261F1EA8607B00C39651 /* space_ship_logo.png */,
				EE6D260D1EA8469600C39651 /* logo.psd */,
				EE98990F1EA98FB800EE3C4F /* pin_off.png */,
				EE9899101EA98FB800EE3C4F /* pin_off@2x.png */,
				EE9899111EA98FB800EE3C4F /* pin_on.png */,
				EE9899121EA98FB800EE3C4F /* pin_on@2x.png */,
				EE6D260E1EA8469600C39651 /* logo_1024.png */,
				EE6D260F1EA8469600C39651 /* logo_120.png */,
				EE6D26101EA8469600C39651 /* logo_152.png */,
				EE6D26111EA8469600C39651 /* logo_180.png */,
				EE6D26121EA8469600C39651 /* logo_256.png */,
				EE6D26131EA8469600C39651 /* logo_512.png */,
				EE6D26141EA8469600C39651 /* logo_76.png */,
			);
			path = Images;
			sourceTree = "<group>";
		};
		EEA4811A1EA814920015A441 = {
			isa = PBXGroup;
			children = (
				EEA481251EA814920015A441 /* Reddit Rocket */,
				EEA481451EA814920015A441 /* Reddit RocketTests */,
				EEA481501EA814930015A441 /* Reddit RocketUITests */,
				EEA481241EA814920015A441 /* Products */,
				E4103E9670AAB3442FC635AF /* Pods */,
				ADC508B7B17F418B9359DCCC /* Frameworks */,
			);
			sourceTree = "<group>";
		};
		EEA481241EA814920015A441 /* Products */ = {
			isa = PBXGroup;
			children = (
				EEA481231EA814920015A441 /* Reddit Rocket.app */,
				EEA481421EA814920015A441 /* Reddit RocketTests.xctest */,
				EEA4814D1EA814930015A441 /* Reddit RocketUITests.xctest */,
			);
			name = Products;
			sourceTree = "<group>";
		};
		EEA481251EA814920015A441 /* Reddit Rocket */ = {
			isa = PBXGroup;
			children = (
				EE6D260C1EA8469600C39651 /* Images */,
				EEB32C3C1EA819630057EE54 /* Storyboards */,
				EEA481271EA814920015A441 /* main.m */,
				EEB32C2C1EA8191E0057EE54 /* Classes */,
				EEA481381EA814920015A441 /* Assets.xcassets */,
				EEA4812C1EA814920015A441 /* Reddit_Rocket.xcdatamodeld */,
				EEA481261EA814920015A441 /* Supporting Files */,
			);
			path = "Reddit Rocket";
			sourceTree = "<group>";
		};
		EEA481261EA814920015A441 /* Supporting Files */ = {
			isa = PBXGroup;
			children = (
				EEA4813D1EA814920015A441 /* Info.plist */,
			);
			name = "Supporting Files";
			sourceTree = "<group>";
		};
		EEA481451EA814920015A441 /* Reddit RocketTests */ = {
			isa = PBXGroup;
			children = (
				EEA481461EA814920015A441 /* Reddit_RocketTests.m */,
				EEA481481EA814920015A441 /* Info.plist */,
			);
			path = "Reddit RocketTests";
			sourceTree = "<group>";
		};
		EEA481501EA814930015A441 /* Reddit RocketUITests */ = {
			isa = PBXGroup;
			children = (
				EEA481511EA814930015A441 /* Reddit_RocketUITests.m */,
				EEA481531EA814930015A441 /* Info.plist */,
			);
			path = "Reddit RocketUITests";
			sourceTree = "<group>";
		};
		EEB32C2C1EA8191E0057EE54 /* Classes */ = {
			isa = PBXGroup;
			children = (
				EEB32C2D1EA8191E0057EE54 /* Controllers */,
				EEB32C321EA8191E0057EE54 /* Delegates */,
				EEB32C351EA8191E0057EE54 /* Managers */,
			);
			path = Classes;
			sourceTree = "<group>";
		};
		EEB32C2D1EA8191E0057EE54 /* Controllers */ = {
			isa = PBXGroup;
			children = (
				EEB32C2E1EA8191E0057EE54 /* DetailViewController.h */,
				EEB32C2F1EA8191E0057EE54 /* DetailViewController.m */,
				EEB32C301EA8191E0057EE54 /* MasterViewController.h */,
				EEB32C311EA8191E0057EE54 /* MasterViewController.m */,
			);
			path = Controllers;
			sourceTree = "<group>";
		};
		EEB32C321EA8191E0057EE54 /* Delegates */ = {
			isa = PBXGroup;
			children = (
				EEB32C331EA8191E0057EE54 /* AppDelegate.h */,
				EEB32C341EA8191E0057EE54 /* AppDelegate.m */,
			);
			path = Delegates;
			sourceTree = "<group>";
		};
		EEB32C351EA8191E0057EE54 /* Managers */ = {
			isa = PBXGroup;
			children = (
				EEB32C361EA8191E0057EE54 /* NetworkManager.h */,
				EEB32C371EA8191E0057EE54 /* NetworkManager.m */,
				EEB32C3D1EA825030057EE54 /* DataManager.h */,
				EEB32C3E1EA825030057EE54 /* DataManager.m */,
			);
			path = Managers;
			sourceTree = "<group>";
		};
		EEB32C3C1EA819630057EE54 /* Storyboards */ = {
			isa = PBXGroup;
			children = (
				EEA481351EA814920015A441 /* Main.storyboard */,
				EEA4813A1EA814920015A441 /* LaunchScreen.storyboard */,
			);
			name = Storyboards;
			sourceTree = "<group>";
		};
/* End PBXGroup section */

/* Begin PBXNativeTarget section */
		EEA481221EA814920015A441 /* Reddit Rocket */ = {
			isa = PBXNativeTarget;
			buildConfigurationList = EEA481561EA814930015A441 /* Build configuration list for PBXNativeTarget "Reddit Rocket" */;
			buildPhases = (
				85D74E2BDA3F0BA1F151A191 /* [CP] Check Pods Manifest.lock */,
				EEA4811F1EA814920015A441 /* Sources */,
				EEA481201EA814920015A441 /* Frameworks */,
				EEA481211EA814920015A441 /* Resources */,
				FA2FD3771993AAD9CC2EAAF8 /* [CP] Embed Pods Frameworks */,
				01E5E8F68C8D297E9C76DE5C /* [CP] Copy Pods Resources */,
			);
			buildRules = (
			);
			dependencies = (
			);
			name = "Reddit Rocket";
			productName = "Reddit Rocket";
			productReference = EEA481231EA814920015A441 /* Reddit Rocket.app */;
			productType = "com.apple.product-type.application";
		};
		EEA481411EA814920015A441 /* Reddit RocketTests */ = {
			isa = PBXNativeTarget;
			buildConfigurationList = EEA481591EA814930015A441 /* Build configuration list for PBXNativeTarget "Reddit RocketTests" */;
			buildPhases = (
				0CD035C78E95CC0037E1AA82 /* [CP] Check Pods Manifest.lock */,
				EEA4813E1EA814920015A441 /* Sources */,
				EEA4813F1EA814920015A441 /* Frameworks */,
				EEA481401EA814920015A441 /* Resources */,
				710E12191F3E273D0C20F40F /* [CP] Embed Pods Frameworks */,
				3279FC5378B03772E2F531CD /* [CP] Copy Pods Resources */,
			);
			buildRules = (
			);
			dependencies = (
				EEA481441EA814920015A441 /* PBXTargetDependency */,
			);
			name = "Reddit RocketTests";
			productName = "Reddit RocketTests";
			productReference = EEA481421EA814920015A441 /* Reddit RocketTests.xctest */;
			productType = "com.apple.product-type.bundle.unit-test";
		};
		EEA4814C1EA814930015A441 /* Reddit RocketUITests */ = {
			isa = PBXNativeTarget;
			buildConfigurationList = EEA4815C1EA814930015A441 /* Build configuration list for PBXNativeTarget "Reddit RocketUITests" */;
			buildPhases = (
				80D432448956688DFA48AE82 /* [CP] Check Pods Manifest.lock */,
				EEA481491EA814930015A441 /* Sources */,
				EEA4814A1EA814930015A441 /* Frameworks */,
				EEA4814B1EA814930015A441 /* Resources */,
				B07C756BEC9E4DD143679EBA /* [CP] Embed Pods Frameworks */,
				CAAA087DB25A4C27DB6B6345 /* [CP] Copy Pods Resources */,
			);
			buildRules = (
			);
			dependencies = (
				EEA4814F1EA814930015A441 /* PBXTargetDependency */,
			);
			name = "Reddit RocketUITests";
			productName = "Reddit RocketUITests";
			productReference = EEA4814D1EA814930015A441 /* Reddit RocketUITests.xctest */;
			productType = "com.apple.product-type.bundle.ui-testing";
		};
/* End PBXNativeTarget section */

/* Begin PBXProject section */
		EEA4811B1EA814920015A441 /* Project object */ = {
			isa = PBXProject;
			attributes = {
				LastUpgradeCheck = 0820;
				ORGANIZATIONNAME = "James Klapwyk";
				TargetAttributes = {
					EEA481221EA814920015A441 = {
						CreatedOnToolsVersion = 8.2.1;
						DevelopmentTeam = DGJR7A3S7T;
						ProvisioningStyle = Automatic;
					};
					EEA481411EA814920015A441 = {
						CreatedOnToolsVersion = 8.2.1;
						DevelopmentTeam = DGJR7A3S7T;
						ProvisioningStyle = Automatic;
						TestTargetID = EEA481221EA814920015A441;
					};
					EEA4814C1EA814930015A441 = {
						CreatedOnToolsVersion = 8.2.1;
						DevelopmentTeam = DGJR7A3S7T;
						ProvisioningStyle = Automatic;
						TestTargetID = EEA481221EA814920015A441;
					};
				};
			};
			buildConfigurationList = EEA4811E1EA814920015A441 /* Build configuration list for PBXProject "Reddit Rocket" */;
			compatibilityVersion = "Xcode 3.2";
			developmentRegion = English;
			hasScannedForEncodings = 0;
			knownRegions = (
				en,
				Base,
			);
			mainGroup = EEA4811A1EA814920015A441;
			productRefGroup = EEA481241EA814920015A441 /* Products */;
			projectDirPath = "";
			projectRoot = "";
			targets = (
				EEA481221EA814920015A441 /* Reddit Rocket */,
				EEA481411EA814920015A441 /* Reddit RocketTests */,
				EEA4814C1EA814930015A441 /* Reddit RocketUITests */,
			);
		};
/* End PBXProject section */

/* Begin PBXResourcesBuildPhase section */
		EEA481211EA814920015A441 /* Resources */ = {
			isa = PBXResourcesBuildPhase;
			buildActionMask = 2147483647;
			files = (
				EE6D261A1EA8469600C39651 /* logo_180.png in Resources */,
				EE9899131EA98FB800EE3C4F /* pin_off.png in Resources */,
				EE9899141EA98FB800EE3C4F /* pin_off@2x.png in Resources */,
				EEA4813C1EA814920015A441 /* LaunchScreen.storyboard in Resources */,
				EE9899151EA98FB800EE3C4F /* pin_on.png in Resources */,
				EEA481391EA814920015A441 /* Assets.xcassets in Resources */,
				EE6D261C1EA8469600C39651 /* logo_512.png in Resources */,
				EE6D26181EA8469600C39651 /* logo_120.png in Resources */,
				EE6D26201EA8607B00C39651 /* space_ship_logo.png in Resources */,
				EE6D26161EA8469600C39651 /* logo.psd in Resources */,
				EE6D261B1EA8469600C39651 /* logo_256.png in Resources */,
				EE6D26171EA8469600C39651 /* logo_1024.png in Resources */,
				EE6D26191EA8469600C39651 /* logo_152.png in Resources */,
				EE9899161EA98FB800EE3C4F /* pin_on@2x.png in Resources */,
				EE6D261D1EA8469600C39651 /* logo_76.png in Resources */,
				EEA481371EA814920015A441 /* Main.storyboard in Resources */,
			);
			runOnlyForDeploymentPostprocessing = 0;
		};
		EEA481401EA814920015A441 /* Resources */ = {
			isa = PBXResourcesBuildPhase;
			buildActionMask = 2147483647;
			files = (
			);
			runOnlyForDeploymentPostprocessing = 0;
		};
		EEA4814B1EA814930015A441 /* Resources */ = {
			isa = PBXResourcesBuildPhase;
			buildActionMask = 2147483647;
			files = (
			);
			runOnlyForDeploymentPostprocessing = 0;
		};
/* End PBXResourcesBuildPhase section */

/* Begin PBXShellScriptBuildPhase section */
		01E5E8F68C8D297E9C76DE5C /* [CP] Copy Pods Resources */ = {
			isa = PBXShellScriptBuildPhase;
			buildActionMask = 2147483647;
			files = (
			);
			inputPaths = (
			);
			name = "[CP] Copy Pods Resources";
			outputPaths = (
			);
			runOnlyForDeploymentPostprocessing = 0;
			shellPath = /bin/sh;
			shellScript = "\"${SRCROOT}/Pods/Target Support Files/Pods-Reddit Rocket/Pods-Reddit Rocket-resources.sh\"\n";
			showEnvVarsInLog = 0;
		};
		0CD035C78E95CC0037E1AA82 /* [CP] Check Pods Manifest.lock */ = {
			isa = PBXShellScriptBuildPhase;
			buildActionMask = 2147483647;
			files = (
			);
			inputPaths = (
			);
			name = "[CP] Check Pods Manifest.lock";
			outputPaths = (
			);
			runOnlyForDeploymentPostprocessing = 0;
			shellPath = /bin/sh;
			shellScript = "diff \"${PODS_ROOT}/../Podfile.lock\" \"${PODS_ROOT}/Manifest.lock\" > /dev/null\nif [ $? != 0 ] ; then\n    # print error to STDERR\n    echo \"error: The sandbox is not in sync with the Podfile.lock. Run 'pod install' or update your CocoaPods installation.\" >&2\n    exit 1\nfi\n";
			showEnvVarsInLog = 0;
		};
		3279FC5378B03772E2F531CD /* [CP] Copy Pods Resources */ = {
			isa = PBXShellScriptBuildPhase;
			buildActionMask = 2147483647;
			files = (
			);
			inputPaths = (
			);
			name = "[CP] Copy Pods Resources";
			outputPaths = (
			);
			runOnlyForDeploymentPostprocessing = 0;
			shellPath = /bin/sh;
			shellScript = "\"${SRCROOT}/Pods/Target Support Files/Pods-Reddit RocketTests/Pods-Reddit RocketTests-resources.sh\"\n";
			showEnvVarsInLog = 0;
		};
		710E12191F3E273D0C20F40F /* [CP] Embed Pods Frameworks */ = {
			isa = PBXShellScriptBuildPhase;
			buildActionMask = 2147483647;
			files = (
			);
			inputPaths = (
			);
			name = "[CP] Embed Pods Frameworks";
			outputPaths = (
			);
			runOnlyForDeploymentPostprocessing = 0;
			shellPath = /bin/sh;
			shellScript = "\"${SRCROOT}/Pods/Target Support Files/Pods-Reddit RocketTests/Pods-Reddit RocketTests-frameworks.sh\"\n";
			showEnvVarsInLog = 0;
		};
		80D432448956688DFA48AE82 /* [CP] Check Pods Manifest.lock */ = {
			isa = PBXShellScriptBuildPhase;
			buildActionMask = 2147483647;
			files = (
			);
			inputPaths = (
			);
			name = "[CP] Check Pods Manifest.lock";
			outputPaths = (
			);
			runOnlyForDeploymentPostprocessing = 0;
			shellPath = /bin/sh;
			shellScript = "diff \"${PODS_ROOT}/../Podfile.lock\" \"${PODS_ROOT}/Manifest.lock\" > /dev/null\nif [ $? != 0 ] ; then\n    # print error to STDERR\n    echo \"error: The sandbox is not in sync with the Podfile.lock. Run 'pod install' or update your CocoaPods installation.\" >&2\n    exit 1\nfi\n";
			showEnvVarsInLog = 0;
		};
		85D74E2BDA3F0BA1F151A191 /* [CP] Check Pods Manifest.lock */ = {
			isa = PBXShellScriptBuildPhase;
			buildActionMask = 2147483647;
			files = (
			);
			inputPaths = (
			);
			name = "[CP] Check Pods Manifest.lock";
			outputPaths = (
			);
			runOnlyForDeploymentPostprocessing = 0;
			shellPath = /bin/sh;
			shellScript = "diff \"${PODS_ROOT}/../Podfile.lock\" \"${PODS_ROOT}/Manifest.lock\" > /dev/null\nif [ $? != 0 ] ; then\n    # print error to STDERR\n    echo \"error: The sandbox is not in sync with the Podfile.lock. Run 'pod install' or update your CocoaPods installation.\" >&2\n    exit 1\nfi\n";
			showEnvVarsInLog = 0;
		};
		B07C756BEC9E4DD143679EBA /* [CP] Embed Pods Frameworks */ = {
			isa = PBXShellScriptBuildPhase;
			buildActionMask = 2147483647;
			files = (
			);
			inputPaths = (
			);
			name = "[CP] Embed Pods Frameworks";
			outputPaths = (
			);
			runOnlyForDeploymentPostprocessing = 0;
			shellPath = /bin/sh;
			shellScript = "\"${SRCROOT}/Pods/Target Support Files/Pods-Reddit RocketUITests/Pods-Reddit RocketUITests-frameworks.sh\"\n";
			showEnvVarsInLog = 0;
		};
		CAAA087DB25A4C27DB6B6345 /* [CP] Copy Pods Resources */ = {
			isa = PBXShellScriptBuildPhase;
			buildActionMask = 2147483647;
			files = (
			);
			inputPaths = (
			);
			name = "[CP] Copy Pods Resources";
			outputPaths = (
			);
			runOnlyForDeploymentPostprocessing = 0;
			shellPath = /bin/sh;
			shellScript = "\"${SRCROOT}/Pods/Target Support Files/Pods-Reddit RocketUITests/Pods-Reddit RocketUITests-resources.sh\"\n";
			showEnvVarsInLog = 0;
		};
		FA2FD3771993AAD9CC2EAAF8 /* [CP] Embed Pods Frameworks */ = {
			isa = PBXShellScriptBuildPhase;
			buildActionMask = 2147483647;
			files = (
			);
			inputPaths = (
			);
			name = "[CP] Embed Pods Frameworks";
			outputPaths = (
			);
			runOnlyForDeploymentPostprocessing = 0;
			shellPath = /bin/sh;
			shellScript = "\"${SRCROOT}/Pods/Target Support Files/Pods-Reddit Rocket/Pods-Reddit Rocket-frameworks.sh\"\n";
			showEnvVarsInLog = 0;
		};
/* End PBXShellScriptBuildPhase section */

/* Begin PBXSourcesBuildPhase section */
		EEA4811F1EA814920015A441 /* Sources */ = {
			isa = PBXSourcesBuildPhase;
			buildActionMask = 2147483647;
			files = (
				EEB32C391EA8191E0057EE54 /* MasterViewController.m in Sources */,
				EEA481281EA814920015A441 /* main.m in Sources */,
				EEB32C3F1EA825030057EE54 /* DataManager.m in Sources */,
				EEA4812E1EA814920015A441 /* Reddit_Rocket.xcdatamodeld in Sources */,
				EEB32C381EA8191E0057EE54 /* DetailViewController.m in Sources */,
				EEB32C3B1EA8191E0057EE54 /* NetworkManager.m in Sources */,
				EEB32C3A1EA8191E0057EE54 /* AppDelegate.m in Sources */,
			);
			runOnlyForDeploymentPostprocessing = 0;
		};
		EEA4813E1EA814920015A441 /* Sources */ = {
			isa = PBXSourcesBuildPhase;
			buildActionMask = 2147483647;
			files = (
				EE9899171EAAE40700EE3C4F /* NetworkManager.m in Sources */,
				EE9899191EAB011D00EE3C4F /* Reddit_Rocket.xcdatamodeld in Sources */,
				EE9899181EAAE40F00EE3C4F /* DataManager.m in Sources */,
				EEA481471EA814920015A441 /* Reddit_RocketTests.m in Sources */,
			);
			runOnlyForDeploymentPostprocessing = 0;
		};
		EEA481491EA814930015A441 /* Sources */ = {
			isa = PBXSourcesBuildPhase;
			buildActionMask = 2147483647;
			files = (
				EEA481521EA814930015A441 /* Reddit_RocketUITests.m in Sources */,
			);
			runOnlyForDeploymentPostprocessing = 0;
		};
/* End PBXSourcesBuildPhase section */

/* Begin PBXTargetDependency section */
		EEA481441EA814920015A441 /* PBXTargetDependency */ = {
			isa = PBXTargetDependency;
			target = EEA481221EA814920015A441 /* Reddit Rocket */;
			targetProxy = EEA481431EA814920015A441 /* PBXContainerItemProxy */;
		};
		EEA4814F1EA814930015A441 /* PBXTargetDependency */ = {
			isa = PBXTargetDependency;
			target = EEA481221EA814920015A441 /* Reddit Rocket */;
			targetProxy = EEA4814E1EA814930015A441 /* PBXContainerItemProxy */;
		};
/* End PBXTargetDependency section */

/* Begin PBXVariantGroup section */
		EEA481351EA814920015A441 /* Main.storyboard */ = {
			isa = PBXVariantGroup;
			children = (
				EEA481361EA814920015A441 /* Base */,
			);
			name = Main.storyboard;
			sourceTree = "<group>";
		};
		EEA4813A1EA814920015A441 /* LaunchScreen.storyboard */ = {
			isa = PBXVariantGroup;
			children = (
				EEA4813B1EA814920015A441 /* Base */,
			);
			name = LaunchScreen.storyboard;
			sourceTree = "<group>";
		};
/* End PBXVariantGroup section */

/* Begin XCBuildConfiguration section */
		EEA481541EA814930015A441 /* Debug */ = {
			isa = XCBuildConfiguration;
			buildSettings = {
				ALWAYS_SEARCH_USER_PATHS = NO;
				CLANG_ANALYZER_NONNULL = YES;
				CLANG_CXX_LANGUAGE_STANDARD = "gnu++0x";
				CLANG_CXX_LIBRARY = "libc++";
				CLANG_ENABLE_MODULES = YES;
				CLANG_ENABLE_OBJC_ARC = YES;
				CLANG_WARN_BOOL_CONVERSION = YES;
				CLANG_WARN_CONSTANT_CONVERSION = YES;
				CLANG_WARN_DIRECT_OBJC_ISA_USAGE = YES_ERROR;
				CLANG_WARN_DOCUMENTATION_COMMENTS = YES;
				CLANG_WARN_EMPTY_BODY = YES;
				CLANG_WARN_ENUM_CONVERSION = YES;
				CLANG_WARN_INFINITE_RECURSION = YES;
				CLANG_WARN_INT_CONVERSION = YES;
				CLANG_WARN_OBJC_ROOT_CLASS = YES_ERROR;
				CLANG_WARN_SUSPICIOUS_MOVE = YES;
				CLANG_WARN_UNREACHABLE_CODE = YES;
				CLANG_WARN__DUPLICATE_METHOD_MATCH = YES;
				"CODE_SIGN_IDENTITY[sdk=iphoneos*]" = "iPhone Developer";
				COPY_PHASE_STRIP = NO;
				DEBUG_INFORMATION_FORMAT = dwarf;
				ENABLE_STRICT_OBJC_MSGSEND = YES;
				ENABLE_TESTABILITY = YES;
				GCC_C_LANGUAGE_STANDARD = gnu99;
				GCC_DYNAMIC_NO_PIC = NO;
				GCC_NO_COMMON_BLOCKS = YES;
				GCC_OPTIMIZATION_LEVEL = 0;
				GCC_PREPROCESSOR_DEFINITIONS = (
					"DEBUG=1",
					"$(inherited)",
				);
				GCC_WARN_64_TO_32_BIT_CONVERSION = YES;
				GCC_WARN_ABOUT_RETURN_TYPE = YES_ERROR;
				GCC_WARN_UNDECLARED_SELECTOR = YES;
				GCC_WARN_UNINITIALIZED_AUTOS = YES_AGGRESSIVE;
				GCC_WARN_UNUSED_FUNCTION = YES;
				GCC_WARN_UNUSED_VARIABLE = YES;
				IPHONEOS_DEPLOYMENT_TARGET = 10.2;
				MTL_ENABLE_DEBUG_INFO = YES;
				ONLY_ACTIVE_ARCH = YES;
				SDKROOT = iphoneos;
				TARGETED_DEVICE_FAMILY = "1,2";
			};
			name = Debug;
		};
		EEA481551EA814930015A441 /* Release */ = {
			isa = XCBuildConfiguration;
			buildSettings = {
				ALWAYS_SEARCH_USER_PATHS = NO;
				CLANG_ANALYZER_NONNULL = YES;
				CLANG_CXX_LANGUAGE_STANDARD = "gnu++0x";
				CLANG_CXX_LIBRARY = "libc++";
				CLANG_ENABLE_MODULES = YES;
				CLANG_ENABLE_OBJC_ARC = YES;
				CLANG_WARN_BOOL_CONVERSION = YES;
				CLANG_WARN_CONSTANT_CONVERSION = YES;
				CLANG_WARN_DIRECT_OBJC_ISA_USAGE = YES_ERROR;
				CLANG_WARN_DOCUMENTATION_COMMENTS = YES;
				CLANG_WARN_EMPTY_BODY = YES;
				CLANG_WARN_ENUM_CONVERSION = YES;
				CLANG_WARN_INFINITE_RECURSION = YES;
				CLANG_WARN_INT_CONVERSION = YES;
				CLANG_WARN_OBJC_ROOT_CLASS = YES_ERROR;
				CLANG_WARN_SUSPICIOUS_MOVE = YES;
				CLANG_WARN_UNREACHABLE_CODE = YES;
				CLANG_WARN__DUPLICATE_METHOD_MATCH = YES;
				"CODE_SIGN_IDENTITY[sdk=iphoneos*]" = "iPhone Developer";
				COPY_PHASE_STRIP = NO;
				DEBUG_INFORMATION_FORMAT = "dwarf-with-dsym";
				ENABLE_NS_ASSERTIONS = NO;
				ENABLE_STRICT_OBJC_MSGSEND = YES;
				GCC_C_LANGUAGE_STANDARD = gnu99;
				GCC_NO_COMMON_BLOCKS = YES;
				GCC_WARN_64_TO_32_BIT_CONVERSION = YES;
				GCC_WARN_ABOUT_RETURN_TYPE = YES_ERROR;
				GCC_WARN_UNDECLARED_SELECTOR = YES;
				GCC_WARN_UNINITIALIZED_AUTOS = YES_AGGRESSIVE;
				GCC_WARN_UNUSED_FUNCTION = YES;
				GCC_WARN_UNUSED_VARIABLE = YES;
				IPHONEOS_DEPLOYMENT_TARGET = 10.2;
				MTL_ENABLE_DEBUG_INFO = NO;
				SDKROOT = iphoneos;
				TARGETED_DEVICE_FAMILY = "1,2";
				VALIDATE_PRODUCT = YES;
			};
			name = Release;
		};
		EEA481571EA814930015A441 /* Debug */ = {
			isa = XCBuildConfiguration;
			baseConfigurationReference = 0773D026C5D9CE62A4CD5621 /* Pods-Reddit Rocket.debug.xcconfig */;
			buildSettings = {
				ASSETCATALOG_COMPILER_APPICON_NAME = AppIcon;
				DEVELOPMENT_TEAM = DGJR7A3S7T;
				INFOPLIST_FILE = "Reddit Rocket/Info.plist";
				LD_RUNPATH_SEARCH_PATHS = "$(inherited) @executable_path/Frameworks";
				PRODUCT_BUNDLE_IDENTIFIER = "com.jklapwyk.Reddit-Rocket";
				PRODUCT_NAME = "$(TARGET_NAME)";
			};
			name = Debug;
		};
		EEA481581EA814930015A441 /* Release */ = {
			isa = XCBuildConfiguration;
			baseConfigurationReference = 028988D8B308B5B9B58FC2BD /* Pods-Reddit Rocket.release.xcconfig */;
			buildSettings = {
				ASSETCATALOG_COMPILER_APPICON_NAME = AppIcon;
				DEVELOPMENT_TEAM = DGJR7A3S7T;
				INFOPLIST_FILE = "Reddit Rocket/Info.plist";
				LD_RUNPATH_SEARCH_PATHS = "$(inherited) @executable_path/Frameworks";
				PRODUCT_BUNDLE_IDENTIFIER = "com.jklapwyk.Reddit-Rocket";
				PRODUCT_NAME = "$(TARGET_NAME)";
			};
			name = Release;
		};
		EEA4815A1EA814930015A441 /* Debug */ = {
			isa = XCBuildConfiguration;
			baseConfigurationReference = 195A458E9835BE36FC1B228C /* Pods-Reddit RocketTests.debug.xcconfig */;
			buildSettings = {
				BUNDLE_LOADER = "$(TEST_HOST)";
				DEVELOPMENT_TEAM = DGJR7A3S7T;
				INFOPLIST_FILE = "Reddit RocketTests/Info.plist";
				LD_RUNPATH_SEARCH_PATHS = "$(inherited) @executable_path/Frameworks @loader_path/Frameworks";
				PRODUCT_BUNDLE_IDENTIFIER = "com.jklapwyk.Reddit-RocketTests";
				PRODUCT_NAME = "$(TARGET_NAME)";
				TEST_HOST = "$(BUILT_PRODUCTS_DIR)/Reddit Rocket.app/Reddit Rocket";
			};
			name = Debug;
		};
		EEA4815B1EA814930015A441 /* Release */ = {
			isa = XCBuildConfiguration;
			baseConfigurationReference = DDAFE3622A6F712646EA67E4 /* Pods-Reddit RocketTests.release.xcconfig */;
			buildSettings = {
				BUNDLE_LOADER = "$(TEST_HOST)";
				DEVELOPMENT_TEAM = DGJR7A3S7T;
				INFOPLIST_FILE = "Reddit RocketTests/Info.plist";
				LD_RUNPATH_SEARCH_PATHS = "$(inherited) @executable_path/Frameworks @loader_path/Frameworks";
				PRODUCT_BUNDLE_IDENTIFIER = "com.jklapwyk.Reddit-RocketTests";
				PRODUCT_NAME = "$(TARGET_NAME)";
				TEST_HOST = "$(BUILT_PRODUCTS_DIR)/Reddit Rocket.app/Reddit Rocket";
			};
			name = Release;
		};
		EEA4815D1EA814930015A441 /* Debug */ = {
			isa = XCBuildConfiguration;
			baseConfigurationReference = DA6208293C958DA91ABEA721 /* Pods-Reddit RocketUITests.debug.xcconfig */;
			buildSettings = {
				DEVELOPMENT_TEAM = DGJR7A3S7T;
				INFOPLIST_FILE = "Reddit RocketUITests/Info.plist";
				LD_RUNPATH_SEARCH_PATHS = "$(inherited) @executable_path/Frameworks @loader_path/Frameworks";
				PRODUCT_BUNDLE_IDENTIFIER = "com.jklapwyk.Reddit-RocketUITests";
				PRODUCT_NAME = "$(TARGET_NAME)";
				TEST_TARGET_NAME = "Reddit Rocket";
			};
			name = Debug;
		};
		EEA4815E1EA814930015A441 /* Release */ = {
			isa = XCBuildConfiguration;
			baseConfigurationReference = 628128F972528729E4F0A006 /* Pods-Reddit RocketUITests.release.xcconfig */;
			buildSettings = {
				DEVELOPMENT_TEAM = DGJR7A3S7T;
				INFOPLIST_FILE = "Reddit RocketUITests/Info.plist";
				LD_RUNPATH_SEARCH_PATHS = "$(inherited) @executable_path/Frameworks @loader_path/Frameworks";
				PRODUCT_BUNDLE_IDENTIFIER = "com.jklapwyk.Reddit-RocketUITests";
				PRODUCT_NAME = "$(TARGET_NAME)";
				TEST_TARGET_NAME = "Reddit Rocket";
			};
			name = Release;
		};
/* End XCBuildConfiguration section */

/* Begin XCConfigurationList section */
		EEA4811E1EA814920015A441 /* Build configuration list for PBXProject "Reddit Rocket" */ = {
			isa = XCConfigurationList;
			buildConfigurations = (
				EEA481541EA814930015A441 /* Debug */,
				EEA481551EA814930015A441 /* Release */,
			);
			defaultConfigurationIsVisible = 0;
			defaultConfigurationName = Release;
		};
		EEA481561EA814930015A441 /* Build configuration list for PBXNativeTarget "Reddit Rocket" */ = {
			isa = XCConfigurationList;
			buildConfigurations = (
				EEA481571EA814930015A441 /* Debug */,
				EEA481581EA814930015A441 /* Release */,
			);
			defaultConfigurationIsVisible = 0;
			defaultConfigurationName = Release;
		};
		EEA481591EA814930015A441 /* Build configuration list for PBXNativeTarget "Reddit RocketTests" */ = {
			isa = XCConfigurationList;
			buildConfigurations = (
				EEA4815A1EA814930015A441 /* Debug */,
				EEA4815B1EA814930015A441 /* Release */,
			);
			defaultConfigurationIsVisible = 0;
			defaultConfigurationName = Release;
		};
		EEA4815C1EA814930015A441 /* Build configuration list for PBXNativeTarget "Reddit RocketUITests" */ = {
			isa = XCConfigurationList;
			buildConfigurations = (
				EEA4815D1EA814930015A441 /* Debug */,
				EEA4815E1EA814930015A441 /* Release */,
			);
			defaultConfigurationIsVisible = 0;
			defaultConfigurationName = Release;
		};
/* End XCConfigurationList section */

/* Begin XCVersionGroup section */
		EEA4812C1EA814920015A441 /* Reddit_Rocket.xcdatamodeld */ = {
			isa = XCVersionGroup;
			children = (
				EEA4812D1EA814920015A441 /* Reddit_Rocket.xcdatamodel */,
			);
			currentVersion = EEA4812D1EA814920015A441 /* Reddit_Rocket.xcdatamodel */;
			path = Reddit_Rocket.xcdatamodeld;
			sourceTree = "<group>";
			versionGroupType = wrapper.xcdatamodel;
		};
/* End XCVersionGroup section */
	};
	rootObject = EEA4811B1EA814920015A441 /* Project object */;
}
